// !$*UTF8*$!
{
	archiveVersion = 1;
	classes = {
	};
	objectVersion = 51;
	objects = {

/* Begin PBXBuildFile section */
		511AEA2D23D9DA6000352B5D /* DetailRecipeTableViewController.swift in Sources */ = {isa = PBXBuildFile; fileRef = 511AEA2C23D9DA6000352B5D /* DetailRecipeTableViewController.swift */; };
		511AEA2F23DA31F200352B5D /* Recipe.swift in Sources */ = {isa = PBXBuildFile; fileRef = 511AEA2E23DA31F200352B5D /* Recipe.swift */; };
		511AEA3123DA320600352B5D /* IngredientsMethods.swift in Sources */ = {isa = PBXBuildFile; fileRef = 511AEA3023DA320600352B5D /* IngredientsMethods.swift */; };
		51668E0623D746B4007672CA /* AppDelegate.swift in Sources */ = {isa = PBXBuildFile; fileRef = 51668E0523D746B4007672CA /* AppDelegate.swift */; };
		51668E0823D746B4007672CA /* RecipeViewController.swift in Sources */ = {isa = PBXBuildFile; fileRef = 51668E0723D746B4007672CA /* RecipeViewController.swift */; };
		51668E0B23D746B4007672CA /* Main.storyboard in Resources */ = {isa = PBXBuildFile; fileRef = 51668E0923D746B4007672CA /* Main.storyboard */; };
		51668E1023D746B5007672CA /* Assets.xcassets in Resources */ = {isa = PBXBuildFile; fileRef = 51668E0F23D746B5007672CA /* Assets.xcassets */; };
		51668E1323D746B5007672CA /* LaunchScreen.storyboard in Resources */ = {isa = PBXBuildFile; fileRef = 51668E1123D746B5007672CA /* LaunchScreen.storyboard */; };
		51668E1F23D762DF007672CA /* CustomCellTableViewCell.swift in Sources */ = {isa = PBXBuildFile; fileRef = 51668E1D23D762DF007672CA /* CustomCellTableViewCell.swift */; };
		51668E2023D762DF007672CA /* CustomCellTableViewCell.xib in Resources */ = {isa = PBXBuildFile; fileRef = 51668E1E23D762DF007672CA /* CustomCellTableViewCell.xib */; };
		66916B444E36E452C584B810 /* Pods_RecipeApp.framework in Frameworks */ = {isa = PBXBuildFile; fileRef = 596E1C224E1703AF61A8AC95 /* Pods_RecipeApp.framework */; };
/* End PBXBuildFile section */

/* Begin PBXFileReference section */
		4078885E7ADDBB6349E85BCF /* Pods-RecipeApp.debug.xcconfig */ = {isa = PBXFileReference; includeInIndex = 1; lastKnownFileType = text.xcconfig; name = "Pods-RecipeApp.debug.xcconfig"; path = "Target Support Files/Pods-RecipeApp/Pods-RecipeApp.debug.xcconfig"; sourceTree = "<group>"; };
		511AEA2C23D9DA6000352B5D /* DetailRecipeTableViewController.swift */ = {isa = PBXFileReference; lastKnownFileType = sourcecode.swift; path = DetailRecipeTableViewController.swift; sourceTree = "<group>"; };
		511AEA2E23DA31F200352B5D /* Recipe.swift */ = {isa = PBXFileReference; lastKnownFileType = sourcecode.swift; path = Recipe.swift; sourceTree = "<group>"; };
		511AEA3023DA320600352B5D /* IngredientsMethods.swift */ = {isa = PBXFileReference; lastKnownFileType = sourcecode.swift; path = IngredientsMethods.swift; sourceTree = "<group>"; };
		51668E0223D746B4007672CA /* RecipeApp.app */ = {isa = PBXFileReference; explicitFileType = wrapper.application; includeInIndex = 0; path = RecipeApp.app; sourceTree = BUILT_PRODUCTS_DIR; };
		51668E0523D746B4007672CA /* AppDelegate.swift */ = {isa = PBXFileReference; lastKnownFileType = sourcecode.swift; path = AppDelegate.swift; sourceTree = "<group>"; };
		51668E0723D746B4007672CA /* RecipeViewController.swift */ = {isa = PBXFileReference; lastKnownFileType = sourcecode.swift; path = RecipeViewController.swift; sourceTree = "<group>"; };
		51668E0A23D746B4007672CA /* Base */ = {isa = PBXFileReference; lastKnownFileType = file.storyboard; name = Base; path = Base.lproj/Main.storyboard; sourceTree = "<group>"; };
		51668E0F23D746B5007672CA /* Assets.xcassets */ = {isa = PBXFileReference; lastKnownFileType = folder.assetcatalog; path = Assets.xcassets; sourceTree = "<group>"; };
		51668E1223D746B5007672CA /* Base */ = {isa = PBXFileReference; lastKnownFileType = file.storyboard; name = Base; path = Base.lproj/LaunchScreen.storyboard; sourceTree = "<group>"; };
		51668E1423D746B5007672CA /* Info.plist */ = {isa = PBXFileReference; lastKnownFileType = text.plist.xml; path = Info.plist; sourceTree = "<group>"; };
		51668E1D23D762DF007672CA /* CustomCellTableViewCell.swift */ = {isa = PBXFileReference; lastKnownFileType = sourcecode.swift; path = CustomCellTableViewCell.swift; sourceTree = "<group>"; };
		51668E1E23D762DF007672CA /* CustomCellTableViewCell.xib */ = {isa = PBXFileReference; lastKnownFileType = file.xib; path = CustomCellTableViewCell.xib; sourceTree = "<group>"; };
		596E1C224E1703AF61A8AC95 /* Pods_RecipeApp.framework */ = {isa = PBXFileReference; explicitFileType = wrapper.framework; includeInIndex = 0; path = Pods_RecipeApp.framework; sourceTree = BUILT_PRODUCTS_DIR; };
		79B0E66AC566E344E3E5F337 /* Pods-RecipeApp.release.xcconfig */ = {isa = PBXFileReference; includeInIndex = 1; lastKnownFileType = text.xcconfig; name = "Pods-RecipeApp.release.xcconfig"; path = "Target Support Files/Pods-RecipeApp/Pods-RecipeApp.release.xcconfig"; sourceTree = "<group>"; };
/* End PBXFileReference section */

/* Begin PBXFrameworksBuildPhase section */
		51668DFF23D746B4007672CA /* Frameworks */ = {
			isa = PBXFrameworksBuildPhase;
			buildActionMask = 2147483647;
			files = (
				66916B444E36E452C584B810 /* Pods_RecipeApp.framework in Frameworks */,
			);
			runOnlyForDeploymentPostprocessing = 0;
		};
/* End PBXFrameworksBuildPhase section */

/* Begin PBXGroup section */
		51668DF923D746B3007672CA = {
			isa = PBXGroup;
			children = (
				51668E0423D746B4007672CA /* RecipeApp */,
				51668E0323D746B4007672CA /* Products */,
				6DBF48052A46C56374FACD64 /* Pods */,
				958F423A7E5411EA5C33074D /* Frameworks */,
			);
			sourceTree = "<group>";
		};
		51668E0323D746B4007672CA /* Products */ = {
			isa = PBXGroup;
			children = (
				51668E0223D746B4007672CA /* RecipeApp.app */,
			);
			name = Products;
			sourceTree = "<group>";
		};
		51668E0423D746B4007672CA /* RecipeApp */ = {
			isa = PBXGroup;
			children = (
				51668E1B23D7473D007672CA /* Controllers */,
				51668E1A23D7470C007672CA /* Data Model */,
				51668E1C23D74773007672CA /* Views */,
				51668E0523D746B4007672CA /* AppDelegate.swift */,
				51668E0F23D746B5007672CA /* Assets.xcassets */,
				51668E1423D746B5007672CA /* Info.plist */,
			);
			path = RecipeApp;
			sourceTree = "<group>";
		};
		51668E1A23D7470C007672CA /* Data Model */ = {
			isa = PBXGroup;
			children = (
				511AEA2E23DA31F200352B5D /* Recipe.swift */,
				511AEA3023DA320600352B5D /* IngredientsMethods.swift */,
			);
			path = "Data Model";
			sourceTree = "<group>";
		};
		51668E1B23D7473D007672CA /* Controllers */ = {
			isa = PBXGroup;
			children = (
				51668E0723D746B4007672CA /* RecipeViewController.swift */,
				511AEA2C23D9DA6000352B5D /* DetailRecipeTableViewController.swift */,
			);
			path = Controllers;
			sourceTree = "<group>";
		};
		51668E1C23D74773007672CA /* Views */ = {
			isa = PBXGroup;
			children = (
				51668E0923D746B4007672CA /* Main.storyboard */,
				51668E1123D746B5007672CA /* LaunchScreen.storyboard */,
				51668E2123D76F6B007672CA /* CustomCell */,
			);
			path = Views;
			sourceTree = "<group>";
		};
		51668E2123D76F6B007672CA /* CustomCell */ = {
			isa = PBXGroup;
			children = (
				51668E1D23D762DF007672CA /* CustomCellTableViewCell.swift */,
				51668E1E23D762DF007672CA /* CustomCellTableViewCell.xib */,
			);
			path = CustomCell;
			sourceTree = "<group>";
		};
		6DBF48052A46C56374FACD64 /* Pods */ = {
			isa = PBXGroup;
			children = (
				4078885E7ADDBB6349E85BCF /* Pods-RecipeApp.debug.xcconfig */,
				79B0E66AC566E344E3E5F337 /* Pods-RecipeApp.release.xcconfig */,
			);
			path = Pods;
			sourceTree = "<group>";
		};
		958F423A7E5411EA5C33074D /* Frameworks */ = {
			isa = PBXGroup;
			children = (
				596E1C224E1703AF61A8AC95 /* Pods_RecipeApp.framework */,
			);
			name = Frameworks;
			sourceTree = "<group>";
		};
/* End PBXGroup section */

/* Begin PBXNativeTarget section */
		51668E0123D746B4007672CA /* RecipeApp */ = {
			isa = PBXNativeTarget;
			buildConfigurationList = 51668E1723D746B5007672CA /* Build configuration list for PBXNativeTarget "RecipeApp" */;
			buildPhases = (
				2C7BB9E0EF17AACF5479FE59 /* [CP] Check Pods Manifest.lock */,
				51668DFE23D746B4007672CA /* Sources */,
				51668DFF23D746B4007672CA /* Frameworks */,
				51668E0023D746B4007672CA /* Resources */,
				D40611A9C4AE0AF513FD33F8 /* [CP] Embed Pods Frameworks */,
			);
			buildRules = (
			);
			dependencies = (
			);
			name = RecipeApp;
			productName = RecipeApp;
			productReference = 51668E0223D746B4007672CA /* RecipeApp.app */;
			productType = "com.apple.product-type.application";
		};
/* End PBXNativeTarget section */

/* Begin PBXProject section */
		51668DFA23D746B3007672CA /* Project object */ = {
			isa = PBXProject;
			attributes = {
				LastSwiftUpdateCheck = 1010;
				LastUpgradeCheck = 1010;
				ORGANIZATIONNAME = "FrostGarde Tech";
				TargetAttributes = {
					51668E0123D746B4007672CA = {
						CreatedOnToolsVersion = 10.1;
					};
				};
			};
			buildConfigurationList = 51668DFD23D746B3007672CA /* Build configuration list for PBXProject "RecipeApp" */;
			compatibilityVersion = "Xcode 9.3";
			developmentRegion = en;
			hasScannedForEncodings = 0;
			knownRegions = (
				en,
				Base,
			);
			mainGroup = 51668DF923D746B3007672CA;
			productRefGroup = 51668E0323D746B4007672CA /* Products */;
			projectDirPath = "";
			projectRoot = "";
			targets = (
				51668E0123D746B4007672CA /* RecipeApp */,
			);
		};
/* End PBXProject section */

/* Begin PBXResourcesBuildPhase section */
		51668E0023D746B4007672CA /* Resources */ = {
			isa = PBXResourcesBuildPhase;
			buildActionMask = 2147483647;
			files = (
				51668E1323D746B5007672CA /* LaunchScreen.storyboard in Resources */,
				51668E1023D746B5007672CA /* Assets.xcassets in Resources */,
				51668E2023D762DF007672CA /* CustomCellTableViewCell.xib in Resources */,
				51668E0B23D746B4007672CA /* Main.storyboard in Resources */,
			);
			runOnlyForDeploymentPostprocessing = 0;
		};
/* End PBXResourcesBuildPhase section */

/* Begin PBXShellScriptBuildPhase section */
		2C7BB9E0EF17AACF5479FE59 /* [CP] Check Pods Manifest.lock */ = {
			isa = PBXShellScriptBuildPhase;
			buildActionMask = 2147483647;
			files = (
			);
			inputFileListPaths = (
			);
			inputPaths = (
				"${PODS_PODFILE_DIR_PATH}/Podfile.lock",
				"${PODS_ROOT}/Manifest.lock",
			);
			name = "[CP] Check Pods Manifest.lock";
			outputFileListPaths = (
			);
			outputPaths = (
				"$(DERIVED_FILE_DIR)/Pods-RecipeApp-checkManifestLockResult.txt",
			);
			runOnlyForDeploymentPostprocessing = 0;
			shellPath = /bin/sh;
			shellScript = "diff \"${PODS_PODFILE_DIR_PATH}/Podfile.lock\" \"${PODS_ROOT}/Manifest.lock\" > /dev/null\nif [ $? != 0 ] ; then\n    # print error to STDERR\n    echo \"error: The sandbox is not in sync with the Podfile.lock. Run 'pod install' or update your CocoaPods installation.\" >&2\n    exit 1\nfi\n# This output is used by Xcode 'outputs' to avoid re-running this script phase.\necho \"SUCCESS\" > \"${SCRIPT_OUTPUT_FILE_0}\"\n";
			showEnvVarsInLog = 0;
		};
		D40611A9C4AE0AF513FD33F8 /* [CP] Embed Pods Frameworks */ = {
			isa = PBXShellScriptBuildPhase;
			buildActionMask = 2147483647;
			files = (
			);
			inputFileListPaths = (
				"${PODS_ROOT}/Target Support Files/Pods-RecipeApp/Pods-RecipeApp-frameworks-${CONFIGURATION}-input-files.xcfilelist",
			);
			name = "[CP] Embed Pods Frameworks";
			outputFileListPaths = (
				"${PODS_ROOT}/Target Support Files/Pods-RecipeApp/Pods-RecipeApp-frameworks-${CONFIGURATION}-output-files.xcfilelist",
			);
			runOnlyForDeploymentPostprocessing = 0;
			shellPath = /bin/sh;
			shellScript = "\"${PODS_ROOT}/Target Support Files/Pods-RecipeApp/Pods-RecipeApp-frameworks.sh\"\n";
			showEnvVarsInLog = 0;
		};
/* End PBXShellScriptBuildPhase section */

/* Begin PBXSourcesBuildPhase section */
		51668DFE23D746B4007672CA /* Sources */ = {
			isa = PBXSourcesBuildPhase;
			buildActionMask = 2147483647;
			files = (
				511AEA3123DA320600352B5D /* IngredientsMethods.swift in Sources */,
				51668E0823D746B4007672CA /* RecipeViewController.swift in Sources */,
				51668E1F23D762DF007672CA /* CustomCellTableViewCell.swift in Sources */,
				511AEA2F23DA31F200352B5D /* Recipe.swift in Sources */,
				511AEA2D23D9DA6000352B5D /* DetailRecipeTableViewController.swift in Sources */,
				51668E0623D746B4007672CA /* AppDelegate.swift in Sources */,
			);
			runOnlyForDeploymentPostprocessing = 0;
		};
/* End PBXSourcesBuildPhase section */

/* Begin PBXVariantGroup section */
		51668E0923D746B4007672CA /* Main.storyboard */ = {
			isa = PBXVariantGroup;
			children = (
				51668E0A23D746B4007672CA /* Base */,
			);
			name = Main.storyboard;
			sourceTree = "<group>";
		};
		51668E1123D746B5007672CA /* LaunchScreen.storyboard */ = {
			isa = PBXVariantGroup;
			children = (
				51668E1223D746B5007672CA /* Base */,
			);
			name = LaunchScreen.storyboard;
			sourceTree = "<group>";
		};
/* End PBXVariantGroup section */

/* Begin XCBuildConfiguration section */
		51668E1523D746B5007672CA /* Debug */ = {
			isa = XCBuildConfiguration;
			buildSettings = {
				ALWAYS_SEARCH_USER_PATHS = NO;
				CLANG_ANALYZER_NONNULL = YES;
				CLANG_ANALYZER_NUMBER_OBJECT_CONVERSION = YES_AGGRESSIVE;
				CLANG_CXX_LANGUAGE_STANDARD = "gnu++14";
				CLANG_CXX_LIBRARY = "libc++";
				CLANG_ENABLE_MODULES = YES;
				CLANG_ENABLE_OBJC_ARC = YES;
				CLANG_ENABLE_OBJC_WEAK = YES;
				CLANG_WARN_BLOCK_CAPTURE_AUTORELEASING = YES;
				CLANG_WARN_BOOL_CONVERSION = YES;
				CLANG_WARN_COMMA = YES;
				CLANG_WARN_CONSTANT_CONVERSION = YES;
				CLANG_WARN_DEPRECATED_OBJC_IMPLEMENTATIONS = YES;
				CLANG_WARN_DIRECT_OBJC_ISA_USAGE = YES_ERROR;
				CLANG_WARN_DOCUMENTATION_COMMENTS = YES;
				CLANG_WARN_EMPTY_BODY = YES;
				CLANG_WARN_ENUM_CONVERSION = YES;
				CLANG_WARN_INFINITE_RECURSION = YES;
				CLANG_WARN_INT_CONVERSION = YES;
				CLANG_WARN_NON_LITERAL_NULL_CONVERSION = YES;
				CLANG_WARN_OBJC_IMPLICIT_RETAIN_SELF = YES;
				CLANG_WARN_OBJC_LITERAL_CONVERSION = YES;
				CLANG_WARN_OBJC_ROOT_CLASS = YES_ERROR;
				CLANG_WARN_RANGE_LOOP_ANALYSIS = YES;
				CLANG_WARN_STRICT_PROTOTYPES = YES;
				CLANG_WARN_SUSPICIOUS_MOVE = YES;
				CLANG_WARN_UNGUARDED_AVAILABILITY = YES_AGGRESSIVE;
				CLANG_WARN_UNREACHABLE_CODE = YES;
				CLANG_WARN__DUPLICATE_METHOD_MATCH = YES;
				CODE_SIGN_IDENTITY = "iPhone Developer";
				COPY_PHASE_STRIP = NO;
				DEBUG_INFORMATION_FORMAT = dwarf;
				ENABLE_STRICT_OBJC_MSGSEND = YES;
				ENABLE_TESTABILITY = YES;
				GCC_C_LANGUAGE_STANDARD = gnu11;
				GCC_DYNAMIC_NO_PIC = NO;
				GCC_NO_COMMON_BLOCKS = YES;
				GCC_OPTIMIZATION_LEVEL = 0;
				GCC_PREPROCESSOR_DEFINITIONS = (
					"DEBUG=1",
					"$(inherited)",
				);
				GCC_WARN_64_TO_32_BIT_CONVERSION = YES;
				GCC_WARN_ABOUT_RETURN_TYPE = YES_ERROR;
				GCC_WARN_UNDECLARED_SELECTOR = YES;
				GCC_WARN_UNINITIALIZED_AUTOS = YES_AGGRESSIVE;
				GCC_WARN_UNUSED_FUNCTION = YES;
				GCC_WARN_UNUSED_VARIABLE = YES;
				IPHONEOS_DEPLOYMENT_TARGET = 12.1;
				MTL_ENABLE_DEBUG_INFO = INCLUDE_SOURCE;
				MTL_FAST_MATH = YES;
				ONLY_ACTIVE_ARCH = YES;
				SDKROOT = iphoneos;
				SWIFT_ACTIVE_COMPILATION_CONDITIONS = DEBUG;
				SWIFT_OPTIMIZATION_LEVEL = "-Onone";
			};
			name = Debug;
		};
		51668E1623D746B5007672CA /* Release */ = {
			isa = XCBuildConfiguration;
			buildSettings = {
				ALWAYS_SEARCH_USER_PATHS = NO;
				CLANG_ANALYZER_NONNULL = YES;
				CLANG_ANALYZER_NUMBER_OBJECT_CONVERSION = YES_AGGRESSIVE;
				CLANG_CXX_LANGUAGE_STANDARD = "gnu++14";
				CLANG_CXX_LIBRARY = "libc++";
				CLANG_ENABLE_MODULES = YES;
				CLANG_ENABLE_OBJC_ARC = YES;
				CLANG_ENABLE_OBJC_WEAK = YES;
				CLANG_WARN_BLOCK_CAPTURE_AUTORELEASING = YES;
				CLANG_WARN_BOOL_CONVERSION = YES;
				CLANG_WARN_COMMA = YES;
				CLANG_WARN_CONSTANT_CONVERSION = YES;
				CLANG_WARN_DEPRECATED_OBJC_IMPLEMENTATIONS = YES;
				CLANG_WARN_DIRECT_OBJC_ISA_USAGE = YES_ERROR;
				CLANG_WARN_DOCUMENTATION_COMMENTS = YES;
				CLANG_WARN_EMPTY_BODY = YES;
				CLANG_WARN_ENUM_CONVERSION = YES;
				CLANG_WARN_INFINITE_RECURSION = YES;
				CLANG_WARN_INT_CONVERSION = YES;
				CLANG_WARN_NON_LITERAL_NULL_CONVERSION = YES;
				CLANG_WARN_OBJC_IMPLICIT_RETAIN_SELF = YES;
				CLANG_WARN_OBJC_LITERAL_CONVERSION = YES;
				CLANG_WARN_OBJC_ROOT_CLASS = YES_ERROR;
				CLANG_WARN_RANGE_LOOP_ANALYSIS = YES;
				CLANG_WARN_STRICT_PROTOTYPES = YES;
				CLANG_WARN_SUSPICIOUS_MOVE = YES;
				CLANG_WARN_UNGUARDED_AVAILABILITY = YES_AGGRESSIVE;
				CLANG_WARN_UNREACHABLE_CODE = YES;
				CLANG_WARN__DUPLICATE_METHOD_MATCH = YES;
				CODE_SIGN_IDENTITY = "iPhone Developer";
				COPY_PHASE_STRIP = NO;
				DEBUG_INFORMATION_FORMAT = "dwarf-with-dsym";
				ENABLE_NS_ASSERTIONS = NO;
				ENABLE_STRICT_OBJC_MSGSEND = YES;
				GCC_C_LANGUAGE_STANDARD = gnu11;
				GCC_NO_COMMON_BLOCKS = YES;
				GCC_WARN_64_TO_32_BIT_CONVERSION = YES;
				GCC_WARN_ABOUT_RETURN_TYPE = YES_ERROR;
				GCC_WARN_UNDECLARED_SELECTOR = YES;
				GCC_WARN_UNINITIALIZED_AUTOS = YES_AGGRESSIVE;
				GCC_WARN_UNUSED_FUNCTION = YES;
				GCC_WARN_UNUSED_VARIABLE = YES;
				IPHONEOS_DEPLOYMENT_TARGET = 12.1;
				MTL_ENABLE_DEBUG_INFO = NO;
				MTL_FAST_MATH = YES;
				SDKROOT = iphoneos;
				SWIFT_COMPILATION_MODE = wholemodule;
				SWIFT_OPTIMIZATION_LEVEL = "-O";
				VALIDATE_PRODUCT = YES;
			};
			name = Release;
		};
		51668E1823D746B5007672CA /* Debug */ = {
			isa = XCBuildConfiguration;
			baseConfigurationReference = 4078885E7ADDBB6349E85BCF /* Pods-RecipeApp.debug.xcconfig */;
			buildSettings = {
				ASSETCATALOG_COMPILER_APPICON_NAME = AppIcon;
				CODE_SIGN_STYLE = Automatic;
				DEVELOPMENT_TEAM = 5R5A9T5XN2;
				INFOPLIST_FILE = RecipeApp/Info.plist;
				LD_RUNPATH_SEARCH_PATHS = (
					"$(inherited)",
					"@executable_path/Frameworks",
				);
				PRODUCT_BUNDLE_IDENTIFIER = com.codefreak.RecipeApp;
				PRODUCT_NAME = "$(TARGET_NAME)";
				SWIFT_VERSION = 4.2;
				TARGETED_DEVICE_FAMILY = "1,2";
			};
			name = Debug;
		};
		51668E1923D746B5007672CA /* Release */ = {
			isa = XCBuildConfiguration;
			baseConfigurationReference = 79B0E66AC566E344E3E5F337 /* Pods-RecipeApp.release.xcconfig */;
			buildSettings = {
				ASSETCATALOG_COMPILER_APPICON_NAME = AppIcon;
				CODE_SIGN_STYLE = Automatic;
				DEVELOPMENT_TEAM = 5R5A9T5XN2;
				INFOPLIST_FILE = RecipeApp/Info.plist;
				LD_RUNPATH_SEARCH_PATHS = (
					"$(inherited)",
					"@executable_path/Frameworks",
				);
				PRODUCT_BUNDLE_IDENTIFIER = com.codefreak.RecipeApp;
				PRODUCT_NAME = "$(TARGET_NAME)";
				SWIFT_VERSION = 4.2;
				TARGETED_DEVICE_FAMILY = "1,2";
			};
			name = Release;
		};
/* End XCBuildConfiguration section */

/* Begin XCConfigurationList section */
		51668DFD23D746B3007672CA /* Build configuration list for PBXProject "RecipeApp" */ = {
			isa = XCConfigurationList;
			buildConfigurations = (
				51668E1523D746B5007672CA /* Debug */,
				51668E1623D746B5007672CA /* Release */,
			);
			defaultConfigurationIsVisible = 0;
			defaultConfigurationName = Release;
		};
		51668E1723D746B5007672CA /* Build configuration list for PBXNativeTarget "RecipeApp" */ = {
			isa = XCConfigurationList;
			buildConfigurations = (
				51668E1823D746B5007672CA /* Debug */,
				51668E1923D746B5007672CA /* Release */,
			);
			defaultConfigurationIsVisible = 0;
			defaultConfigurationName = Release;
		};
/* End XCConfigurationList section */
	};
	rootObject = 51668DFA23D746B3007672CA /* Project object */;
}
